
Microsoft Visual Studio Solution File, Format Version 12.00
# Visual Studio Version 16
VisualStudioVersion = 16.0.31729.503
MinimumVisualStudioVersion = 10.0.40219.1
Project("{FAE04EC0-301F-11D3-BF4B-00C04F79EFBC}") = "ProductApp", "ProductApp\ProductApp.csproj", "{96BF4B4B-9A5D-4EFA-8F36-5F679D33735E}"
EndProject
Project("{FAE04EC0-301F-11D3-BF4B-00C04F79EFBC}") = "ProductApp_DataAccess", "ProductApp_DataAccess\ProductApp_DataAccess.csproj", "{558CA146-FEFB-48B8-A181-1D01943E516F}"
EndProject
Project("{FAE04EC0-301F-11D3-BF4B-00C04F79EFBC}") = "ProductApp_Models", "ProductApp_Models\ProductApp_Models.csproj", "{4FFADBA8-DF33-4578-B38F-5E5FB6075236}"
EndProject
Global
	GlobalSection(SolutionConfigurationPlatforms) = preSolution
		Debug|Any CPU = Debug|Any CPU
		Release|Any CPU = Release|Any CPU
	EndGlobalSection
	GlobalSection(ProjectConfigurationPlatforms) = postSolution
		{96BF4B4B-9A5D-4EFA-8F36-5F679D33735E}.Debug|Any CPU.ActiveCfg = Debug|Any CPU
		{96BF4B4B-9A5D-4EFA-8F36-5F679D33735E}.Debug|Any CPU.Build.0 = Debug|Any CPU
		{96BF4B4B-9A5D-4EFA-8F36-5F679D33735E}.Release|Any CPU.ActiveCfg = Release|Any CPU
		{96BF4B4B-9A5D-4EFA-8F36-5F679D33735E}.Release|Any CPU.Build.0 = Release|Any CPU
		{558CA146-FEFB-48B8-A181-1D01943E516F}.Debug|Any CPU.ActiveCfg = Debug|Any CPU
		{558CA146-FEFB-48B8-A181-1D01943E516F}.Debug|Any CPU.Build.0 = Debug|Any CPU
		{558CA146-FEFB-48B8-A181-1D01943E516F}.Release|Any CPU.ActiveCfg = Release|Any CPU
		{558CA146-FEFB-48B8-A181-1D01943E516F}.Release|Any CPU.Build.0 = Release|Any CPU
		{4FFADBA8-DF33-4578-B38F-5E5FB6075236}.Debug|Any CPU.ActiveCfg = Debug|Any CPU
		{4FFADBA8-DF33-4578-B38F-5E5FB6075236}.Debug|Any CPU.Build.0 = Debug|Any CPU
		{4FFADBA8-DF33-4578-B38F-5E5FB6075236}.Release|Any CPU.ActiveCfg = Release|Any CPU
		{4FFADBA8-DF33-4578-B38F-5E5FB6075236}.Release|Any CPU.Build.0 = Release|Any CPU
	EndGlobalSection
	GlobalSection(SolutionProperties) = preSolution
		HideSolutionNode = FALSE
	EndGlobalSection
	GlobalSection(ExtensibilityGlobals) = postSolution
		SolutionGuid = {EB20F8C6-498D-4052-B5FB-A1561E2993D4}
	EndGlobalSection
EndGlobal
